{
    "_readme": [
        "This file locks the dependencies of your project to a known state",
        "Read more about it at https://getcomposer.org/doc/01-basic-usage.md#installing-dependencies",
        "This file is @generated automatically"
    ],
    "content-hash": "5a14daf6d1ba42b6ba744b2f23d1fa6b",
    "packages": [
        {
            "name": "hananils/plus",
            "version": "dev-main",
            "source": {
                "type": "git",
                "url": "git@github.com:hananils/plus.git",
                "reference": "35913f5b795359f2211cebd3c57c310f0a3747a7"
            },
            "dist": {
                "type": "zip",
                "url": "https://api.github.com/repos/hananils/plus/zipball/35913f5b795359f2211cebd3c57c310f0a3747a7",
                "reference": "35913f5b795359f2211cebd3c57c310f0a3747a7",
                "shasum": ""
            },
            "default-branch": true,
            "type": "helper",
            "autoload": {
                "psr-4": {
                    "Hananils\\": "src/"
                }
            },
            "license": [
                "proprietary"
            ],
            "authors": [
                {
                    "name": "Büro für Gestaltung",
                    "email": "buero@hananils.de"
                }
            ],
            "description": "Handler for our Plus plugins",
            "support": {
                "source": "https://github.com/hananils/plus/tree/main",
                "issues": "https://github.com/hananils/plus/issues"
            },
            "time": "2024-10-21T16:05:19+00:00"
        }
    ],
    "packages-dev": [],
    "aliases": [],
    "minimum-stability": "stable",
    "stability-flags": {
        "hananils/plus": 20
    },
    "prefer-stable": false,
    "prefer-lowest": false,
    "platform": [],
    "platform-dev": [],
    "plugin-api-version": "2.6.0"
}
